
Microsoft Visual Studio Solution File, Format Version 12.00
# Visual Studio 15
VisualStudioVersion = 15.0.27004.2010
MinimumVisualStudioVersion = 10.0.40219.1
Project("{FAE04EC0-301F-11D3-BF4B-00C04F79EFBC}") = "SVM_SA", "SVM_SA\SVM_SA.csproj", "{F5032874-600D-43D6-B48E-CF11FF406730}"
EndProject
Global
	GlobalSection(SolutionConfigurationPlatforms) = preSolution
		Debug|Any CPU = Debug|Any CPU
		Release|Any CPU = Release|Any CPU
	EndGlobalSection
	GlobalSection(ProjectConfigurationPlatforms) = postSolution
		{F5032874-600D-43D6-B48E-CF11FF406730}.Debug|Any CPU.ActiveCfg = Debug|Any CPU
		{F5032874-600D-43D6-B48E-CF11FF406730}.Debug|Any CPU.Build.0 = Debug|Any CPU
		{F5032874-600D-43D6-B48E-CF11FF406730}.Release|Any CPU.ActiveCfg = Release|Any CPU
		{F5032874-600D-43D6-B48E-CF11FF406730}.Release|Any CPU.Build.0 = Release|Any CPU
	EndGlobalSection
	GlobalSection(SolutionProperties) = preSolution
		HideSolutionNode = FALSE
	EndGlobalSection
	GlobalSection(ExtensibilityGlobals) = postSolution
		SolutionGuid = {AE4EE618-BEB0-45E2-97B8-82B9E9FB6720}
	EndGlobalSection
EndGlobal
